
Microsoft Visual Studio Solution File, Format Version 12.00
Project("{FAE04EC0-301F-11D3-BF4B-00C04F79EFBC}") = "BFPoc", "BFPoc\BFPoc.csproj", "{8929C415-CC0F-4284-B926-D2C0458DE78C}"
EndProject
Project("{FAE04EC0-301F-11D3-BF4B-00C04F79EFBC}") = "BFPoc.Tests", "BFPoc.Tests\BFPoc.Tests.csproj", "{F8BDE49A-6FD9-43E1-95E5-7541B7DC07A6}"
EndProject
Global
	GlobalSection(SolutionConfigurationPlatforms) = preSolution
		Debug|Any CPU = Debug|Any CPU
		Release|Any CPU = Release|Any CPU
	EndGlobalSection
	GlobalSection(ProjectConfigurationPlatforms) = postSolution
		{8929C415-CC0F-4284-B926-D2C0458DE78C}.Debug|Any CPU.ActiveCfg = Debug|Any CPU
		{8929C415-CC0F-4284-B926-D2C0458DE78C}.Debug|Any CPU.Build.0 = Debug|Any CPU
		{8929C415-CC0F-4284-B926-D2C0458DE78C}.Release|Any CPU.ActiveCfg = Release|Any CPU
		{8929C415-CC0F-4284-B926-D2C0458DE78C}.Release|Any CPU.Build.0 = Release|Any CPU
		{F8BDE49A-6FD9-43E1-95E5-7541B7DC07A6}.Debug|Any CPU.ActiveCfg = Debug|Any CPU
		{F8BDE49A-6FD9-43E1-95E5-7541B7DC07A6}.Debug|Any CPU.Build.0 = Debug|Any CPU
		{F8BDE49A-6FD9-43E1-95E5-7541B7DC07A6}.Release|Any CPU.ActiveCfg = Release|Any CPU
		{F8BDE49A-6FD9-43E1-95E5-7541B7DC07A6}.Release|Any CPU.Build.0 = Release|Any CPU
	EndGlobalSection
EndGlobal
